{
  "name": "test-folder",
  "lockfileVersion": 3,
  "requires": true,
  "packages": {
    "": {
      "dependencies": {
        "get_age_npm": "^1.0.4"
      }
    },
    "node_modules/get_age_npm": {
      "version": "1.0.4",
      "resolved": "https://registry.npmjs.org/get_age_npm/-/get_age_npm-1.0.4.tgz",
      "integrity": "sha512-NZgAa1d65upGHu3bK0AAqmYYP6yjNrY/zLlmG35tOfOhXZQ3RjMWaKbyBy7XB59/vXSWBY7xyZ1PrEBdYPZDWQ==",
      "license": "ISC"
    }
  }
}
